
Microsoft Visual Studio Solution File, Format Version 12.00
# Visual Studio 14
VisualStudioVersion = 14.0.25420.1
MinimumVisualStudioVersion = 10.0.40219.1
Project("{FAE04EC0-301F-11D3-BF4B-00C04F79EFBC}") = "TestAssignments", "TestAssignments\TestAssignments.csproj", "{706BCB23-DD51-417B-8C90-C43A8C2B53F9}"
EndProject
Project("{2150E333-8FDC-42A3-9474-1A3956D46DE8}") = "Solution Items", "Solution Items", "{DA6FE430-D314-421F-876B-DA42092AA6BD}"
EndProject
Project("{FAE04EC0-301F-11D3-BF4B-00C04F79EFBC}") = "KeychainMenuApp", "KeychainMenuApp\KeychainMenuApp.csproj", "{FB56977E-9262-4721-A8EA-BCCB55376B0B}"
EndProject
Global
	GlobalSection(SolutionConfigurationPlatforms) = preSolution
		Debug|Any CPU = Debug|Any CPU
		Release|Any CPU = Release|Any CPU
	EndGlobalSection
	GlobalSection(ProjectConfigurationPlatforms) = postSolution
		{706BCB23-DD51-417B-8C90-C43A8C2B53F9}.Debug|Any CPU.ActiveCfg = Debug|Any CPU
		{706BCB23-DD51-417B-8C90-C43A8C2B53F9}.Debug|Any CPU.Build.0 = Debug|Any CPU
		{706BCB23-DD51-417B-8C90-C43A8C2B53F9}.Release|Any CPU.ActiveCfg = Release|Any CPU
		{706BCB23-DD51-417B-8C90-C43A8C2B53F9}.Release|Any CPU.Build.0 = Release|Any CPU
		{FB56977E-9262-4721-A8EA-BCCB55376B0B}.Debug|Any CPU.ActiveCfg = Debug|Any CPU
		{FB56977E-9262-4721-A8EA-BCCB55376B0B}.Debug|Any CPU.Build.0 = Debug|Any CPU
		{FB56977E-9262-4721-A8EA-BCCB55376B0B}.Release|Any CPU.ActiveCfg = Release|Any CPU
		{FB56977E-9262-4721-A8EA-BCCB55376B0B}.Release|Any CPU.Build.0 = Release|Any CPU
	EndGlobalSection
	GlobalSection(SolutionProperties) = preSolution
		HideSolutionNode = FALSE
	EndGlobalSection
EndGlobal
